
Microsoft Visual Studio Solution File, Format Version 12.00
# Visual Studio Version 16
VisualStudioVersion = 16.0.31515.178
MinimumVisualStudioVersion = 10.0.40219.1
Project("{9A19103F-16F7-4668-BE54-9A1E7A4F7556}") = "ShopWebCore", "ShopWebCore\ShopWebCore.csproj", "{DD5CFC89-185F-4BD8-B3D8-B6233E10561A}"
EndProject
Project("{9A19103F-16F7-4668-BE54-9A1E7A4F7556}") = "DataLayer", "DataLayer\DataLayer.csproj", "{BF4D7EDD-8745-4F84-8446-9DA4951F55DD}"
EndProject
Project("{9A19103F-16F7-4668-BE54-9A1E7A4F7556}") = "CoreLayer", "CoreLayer\CoreLayer.csproj", "{71B7AE88-D65E-41C3-9252-1C21EDC9F6EB}"
EndProject
Global
	GlobalSection(SolutionConfigurationPlatforms) = preSolution
		Debug|Any CPU = Debug|Any CPU
		Release|Any CPU = Release|Any CPU
	EndGlobalSection
	GlobalSection(ProjectConfigurationPlatforms) = postSolution
		{DD5CFC89-185F-4BD8-B3D8-B6233E10561A}.Debug|Any CPU.ActiveCfg = Debug|Any CPU
		{DD5CFC89-185F-4BD8-B3D8-B6233E10561A}.Debug|Any CPU.Build.0 = Debug|Any CPU
		{DD5CFC89-185F-4BD8-B3D8-B6233E10561A}.Release|Any CPU.ActiveCfg = Release|Any CPU
		{DD5CFC89-185F-4BD8-B3D8-B6233E10561A}.Release|Any CPU.Build.0 = Release|Any CPU
		{BF4D7EDD-8745-4F84-8446-9DA4951F55DD}.Debug|Any CPU.ActiveCfg = Debug|Any CPU
		{BF4D7EDD-8745-4F84-8446-9DA4951F55DD}.Debug|Any CPU.Build.0 = Debug|Any CPU
		{BF4D7EDD-8745-4F84-8446-9DA4951F55DD}.Release|Any CPU.ActiveCfg = Release|Any CPU
		{BF4D7EDD-8745-4F84-8446-9DA4951F55DD}.Release|Any CPU.Build.0 = Release|Any CPU
		{71B7AE88-D65E-41C3-9252-1C21EDC9F6EB}.Debug|Any CPU.ActiveCfg = Debug|Any CPU
		{71B7AE88-D65E-41C3-9252-1C21EDC9F6EB}.Debug|Any CPU.Build.0 = Debug|Any CPU
		{71B7AE88-D65E-41C3-9252-1C21EDC9F6EB}.Release|Any CPU.ActiveCfg = Release|Any CPU
		{71B7AE88-D65E-41C3-9252-1C21EDC9F6EB}.Release|Any CPU.Build.0 = Release|Any CPU
	EndGlobalSection
	GlobalSection(SolutionProperties) = preSolution
		HideSolutionNode = FALSE
	EndGlobalSection
	GlobalSection(ExtensibilityGlobals) = postSolution
		SolutionGuid = {1EB07A4B-942B-43F2-9F92-B3281EF080A7}
	EndGlobalSection
EndGlobal
